// !$*UTF8*$!
{
	archiveVersion = 1;
	classes = {
	};
	objectVersion = 46;
	objects = {

/* Begin PBXBuildFile section */
		183FE0441AA6F25F00105590 /* Item1ViewController.m in Sources */ = {isa = PBXBuildFile; fileRef = 183FE0431AA6F25F00105590 /* Item1ViewController.m */; };
		183FE0471AA8272C00105590 /* MyNavgationVC.m in Sources */ = {isa = PBXBuildFile; fileRef = 183FE0461AA8272C00105590 /* MyNavgationVC.m */; };
		183FE0491AA8285A00105590 /* File in Resources */ = {isa = PBXBuildFile; fileRef = 183FE0481AA8285A00105590 /* File */; };
		183FE04C1AA8371F00105590 /* ItemB2ViewController.m in Sources */ = {isa = PBXBuildFile; fileRef = 183FE04B1AA8371F00105590 /* ItemB2ViewController.m */; };
		183FE04F1AA8375F00105590 /* ItemB1ViewController.m in Sources */ = {isa = PBXBuildFile; fileRef = 183FE04E1AA8375F00105590 /* ItemB1ViewController.m */; };
		183FE0521AA8436700105590 /* Item2ViewController.m in Sources */ = {isa = PBXBuildFile; fileRef = 183FE0511AA8436700105590 /* Item2ViewController.m */; };
		18A32FC61AA1EB2C00179922 /* main.m in Sources */ = {isa = PBXBuildFile; fileRef = 18A32FC51AA1EB2C00179922 /* main.m */; };
		18A32FC91AA1EB2C00179922 /* AppDelegate.m in Sources */ = {isa = PBXBuildFile; fileRef = 18A32FC81AA1EB2C00179922 /* AppDelegate.m */; };
		18A32FCF1AA1EB2C00179922 /* Main.storyboard in Resources */ = {isa = PBXBuildFile; fileRef = 18A32FCD1AA1EB2C00179922 /* Main.storyboard */; };
		18A32FD11AA1EB2C00179922 /* Images.xcassets in Resources */ = {isa = PBXBuildFile; fileRef = 18A32FD01AA1EB2C00179922 /* Images.xcassets */; };
		18A32FD41AA1EB2C00179922 /* LaunchScreen.xib in Resources */ = {isa = PBXBuildFile; fileRef = 18A32FD21AA1EB2C00179922 /* LaunchScreen.xib */; };
		18A32FE01AA1EB2D00179922 /* UITabBarControllerTests.m in Sources */ = {isa = PBXBuildFile; fileRef = 18A32FDF1AA1EB2D00179922 /* UITabBarControllerTests.m */; };
		18A32FEE1AA1EC8600179922 /* MyTaBarVC.m in Sources */ = {isa = PBXBuildFile; fileRef = 18A32FED1AA1EC8600179922 /* MyTaBarVC.m */; };
		18A3300F1AA1ED7500179922 /* tabbar_back@2x.png in Resources */ = {isa = PBXBuildFile; fileRef = 18A32FF21AA1ED7500179922 /* tabbar_back@2x.png */; };
		18A330111AA1ED7500179922 /* tabbar_back_s@2x.png in Resources */ = {isa = PBXBuildFile; fileRef = 18A32FF51AA1ED7500179922 /* tabbar_back_s@2x.png */; };
		18A330131AA1ED7500179922 /* tabbar_n_0@2x.png in Resources */ = {isa = PBXBuildFile; fileRef = 18A32FF81AA1ED7500179922 /* tabbar_n_0@2x.png */; };
		18A330151AA1ED7500179922 /* tabbar_n_1@2x.png in Resources */ = {isa = PBXBuildFile; fileRef = 18A32FFB1AA1ED7500179922 /* tabbar_n_1@2x.png */; };
		18A330171AA1ED7500179922 /* tabbar_n_2@2x.png in Resources */ = {isa = PBXBuildFile; fileRef = 18A32FFE1AA1ED7500179922 /* tabbar_n_2@2x.png */; };
		18A330191AA1ED7500179922 /* tabbar_n_3@2x.png in Resources */ = {isa = PBXBuildFile; fileRef = 18A330011AA1ED7500179922 /* tabbar_n_3@2x.png */; };
		18A3301B1AA1ED7500179922 /* tabbar_s_0@2x.png in Resources */ = {isa = PBXBuildFile; fileRef = 18A330041AA1ED7500179922 /* tabbar_s_0@2x.png */; };
		18A3301D1AA1ED7500179922 /* tabbar_s_1@2x.png in Resources */ = {isa = PBXBuildFile; fileRef = 18A330071AA1ED7500179922 /* tabbar_s_1@2x.png */; };
		18A3301F1AA1ED7500179922 /* tabbar_s_2@2x.png in Resources */ = {isa = PBXBuildFile; fileRef = 18A3300A1AA1ED7500179922 /* tabbar_s_2@2x.png */; };
		18A330211AA1ED7500179922 /* tabbar_s_3@2x.png in Resources */ = {isa = PBXBuildFile; fileRef = 18A3300D1AA1ED7500179922 /* tabbar_s_3@2x.png */; };
		18A330241AA2BAF100179922 /* UIImage+MyImage.m in Sources */ = {isa = PBXBuildFile; fileRef = 18A330231AA2BAF100179922 /* UIImage+MyImage.m */; };
/* End PBXBuildFile section */

/* Begin PBXContainerItemProxy section */
		18A32FDA1AA1EB2D00179922 /* PBXContainerItemProxy */ = {
			isa = PBXContainerItemProxy;
			containerPortal = 18A32FB81AA1EB2C00179922 /* Project object */;
			proxyType = 1;
			remoteGlobalIDString = 18A32FBF1AA1EB2C00179922;
			remoteInfo = UITabBarController;
		};
/* End PBXContainerItemProxy section */

/* Begin PBXFileReference section */
		183FE0421AA6F25F00105590 /* Item1ViewController.h */ = {isa = PBXFileReference; fileEncoding = 4; lastKnownFileType = sourcecode.c.h; path = Item1ViewController.h; sourceTree = "<group>"; };
		183FE0431AA6F25F00105590 /* Item1ViewController.m */ = {isa = PBXFileReference; fileEncoding = 4; lastKnownFileType = sourcecode.c.objc; path = Item1ViewController.m; sourceTree = "<group>"; };
		183FE0451AA8272C00105590 /* MyNavgationVC.h */ = {isa = PBXFileReference; fileEncoding = 4; lastKnownFileType = sourcecode.c.h; path = MyNavgationVC.h; sourceTree = "<group>"; };
		183FE0461AA8272C00105590 /* MyNavgationVC.m */ = {isa = PBXFileReference; fileEncoding = 4; lastKnownFileType = sourcecode.c.objc; path = MyNavgationVC.m; sourceTree = "<group>"; };
		183FE0481AA8285A00105590 /* File */ = {isa = PBXFileReference; fileEncoding = 4; lastKnownFileType = text; path = File; sourceTree = "<group>"; };
		183FE04A1AA8371F00105590 /* ItemB2ViewController.h */ = {isa = PBXFileReference; fileEncoding = 4; lastKnownFileType = sourcecode.c.h; path = ItemB2ViewController.h; sourceTree = "<group>"; };
		183FE04B1AA8371F00105590 /* ItemB2ViewController.m */ = {isa = PBXFileReference; fileEncoding = 4; lastKnownFileType = sourcecode.c.objc; path = ItemB2ViewController.m; sourceTree = "<group>"; };
		183FE04D1AA8375F00105590 /* ItemB1ViewController.h */ = {isa = PBXFileReference; fileEncoding = 4; lastKnownFileType = sourcecode.c.h; path = ItemB1ViewController.h; sourceTree = "<group>"; };
		183FE04E1AA8375F00105590 /* ItemB1ViewController.m */ = {isa = PBXFileReference; fileEncoding = 4; lastKnownFileType = sourcecode.c.objc; path = ItemB1ViewController.m; sourceTree = "<group>"; };
		183FE0501AA8436700105590 /* Item2ViewController.h */ = {isa = PBXFileReference; fileEncoding = 4; lastKnownFileType = sourcecode.c.h; path = Item2ViewController.h; sourceTree = "<group>"; };
		183FE0511AA8436700105590 /* Item2ViewController.m */ = {isa = PBXFileReference; fileEncoding = 4; lastKnownFileType = sourcecode.c.objc; path = Item2ViewController.m; sourceTree = "<group>"; };
		18A32FC01AA1EB2C00179922 /* UITabBarController.app */ = {isa = PBXFileReference; explicitFileType = wrapper.application; includeInIndex = 0; path = UITabBarController.app; sourceTree = BUILT_PRODUCTS_DIR; };
		18A32FC41AA1EB2C00179922 /* Info.plist */ = {isa = PBXFileReference; lastKnownFileType = text.plist.xml; path = Info.plist; sourceTree = "<group>"; };
		18A32FC51AA1EB2C00179922 /* main.m */ = {isa = PBXFileReference; lastKnownFileType = sourcecode.c.objc; path = main.m; sourceTree = "<group>"; };
		18A32FC71AA1EB2C00179922 /* AppDelegate.h */ = {isa = PBXFileReference; lastKnownFileType = sourcecode.c.h; path = AppDelegate.h; sourceTree = "<group>"; };
		18A32FC81AA1EB2C00179922 /* AppDelegate.m */ = {isa = PBXFileReference; lastKnownFileType = sourcecode.c.objc; path = AppDelegate.m; sourceTree = "<group>"; };
		18A32FCE1AA1EB2C00179922 /* Base */ = {isa = PBXFileReference; lastKnownFileType = file.storyboard; name = Base; path = Base.lproj/Main.storyboard; sourceTree = "<group>"; };
		18A32FD01AA1EB2C00179922 /* Images.xcassets */ = {isa = PBXFileReference; lastKnownFileType = folder.assetcatalog; path = Images.xcassets; sourceTree = "<group>"; };
		18A32FD31AA1EB2C00179922 /* Base */ = {isa = PBXFileReference; lastKnownFileType = file.xib; name = Base; path = Base.lproj/LaunchScreen.xib; sourceTree = "<group>"; };
		18A32FD91AA1EB2D00179922 /* UITabBarControllerTests.xctest */ = {isa = PBXFileReference; explicitFileType = wrapper.cfbundle; includeInIndex = 0; path = UITabBarControllerTests.xctest; sourceTree = BUILT_PRODUCTS_DIR; };
		18A32FDE1AA1EB2D00179922 /* Info.plist */ = {isa = PBXFileReference; lastKnownFileType = text.plist.xml; path = Info.plist; sourceTree = "<group>"; };
		18A32FDF1AA1EB2D00179922 /* UITabBarControllerTests.m */ = {isa = PBXFileReference; lastKnownFileType = sourcecode.c.objc; path = UITabBarControllerTests.m; sourceTree = "<group>"; };
		18A32FEC1AA1EC8600179922 /* MyTaBarVC.h */ = {isa = PBXFileReference; fileEncoding = 4; lastKnownFileType = sourcecode.c.h; path = MyTaBarVC.h; sourceTree = "<group>"; };
		18A32FED1AA1EC8600179922 /* MyTaBarVC.m */ = {isa = PBXFileReference; fileEncoding = 4; lastKnownFileType = sourcecode.c.objc; path = MyTaBarVC.m; sourceTree = "<group>"; };
		18A32FF21AA1ED7500179922 /* tabbar_back@2x.png */ = {isa = PBXFileReference; lastKnownFileType = image.png; path = "tabbar_back@2x.png"; sourceTree = "<group>"; };
		18A32FF51AA1ED7500179922 /* tabbar_back_s@2x.png */ = {isa = PBXFileReference; lastKnownFileType = image.png; path = "tabbar_back_s@2x.png"; sourceTree = "<group>"; };
		18A32FF81AA1ED7500179922 /* tabbar_n_0@2x.png */ = {isa = PBXFileReference; lastKnownFileType = image.png; path = "tabbar_n_0@2x.png"; sourceTree = "<group>"; };
		18A32FFB1AA1ED7500179922 /* tabbar_n_1@2x.png */ = {isa = PBXFileReference; lastKnownFileType = image.png; path = "tabbar_n_1@2x.png"; sourceTree = "<group>"; };
		18A32FFE1AA1ED7500179922 /* tabbar_n_2@2x.png */ = {isa = PBXFileReference; lastKnownFileType = image.png; path = "tabbar_n_2@2x.png"; sourceTree = "<group>"; };
		18A330011AA1ED7500179922 /* tabbar_n_3@2x.png */ = {isa = PBXFileReference; lastKnownFileType = image.png; path = "tabbar_n_3@2x.png"; sourceTree = "<group>"; };
		18A330041AA1ED7500179922 /* tabbar_s_0@2x.png */ = {isa = PBXFileReference; lastKnownFileType = image.png; path = "tabbar_s_0@2x.png"; sourceTree = "<group>"; };
		18A330071AA1ED7500179922 /* tabbar_s_1@2x.png */ = {isa = PBXFileReference; lastKnownFileType = image.png; path = "tabbar_s_1@2x.png"; sourceTree = "<group>"; };
		18A3300A1AA1ED7500179922 /* tabbar_s_2@2x.png */ = {isa = PBXFileReference; lastKnownFileType = image.png; path = "tabbar_s_2@2x.png"; sourceTree = "<group>"; };
		18A3300D1AA1ED7500179922 /* tabbar_s_3@2x.png */ = {isa = PBXFileReference; lastKnownFileType = image.png; path = "tabbar_s_3@2x.png"; sourceTree = "<group>"; };
		18A330221AA2BAF100179922 /* UIImage+MyImage.h */ = {isa = PBXFileReference; fileEncoding = 4; lastKnownFileType = sourcecode.c.h; path = "UIImage+MyImage.h"; sourceTree = "<group>"; };
		18A330231AA2BAF100179922 /* UIImage+MyImage.m */ = {isa = PBXFileReference; fileEncoding = 4; lastKnownFileType = sourcecode.c.objc; path = "UIImage+MyImage.m"; sourceTree = "<group>"; };
/* End PBXFileReference section */

/* Begin PBXFrameworksBuildPhase section */
		18A32FBD1AA1EB2C00179922 /* Frameworks */ = {
			isa = PBXFrameworksBuildPhase;
			buildActionMask = 2147483647;
			files = (
			);
			runOnlyForDeploymentPostprocessing = 0;
		};
		18A32FD61AA1EB2D00179922 /* Frameworks */ = {
			isa = PBXFrameworksBuildPhase;
			buildActionMask = 2147483647;
			files = (
			);
			runOnlyForDeploymentPostprocessing = 0;
		};
/* End PBXFrameworksBuildPhase section */

/* Begin PBXGroup section */
		18A32FB71AA1EB2C00179922 = {
			isa = PBXGroup;
			children = (
				18A32FC21AA1EB2C00179922 /* UITabBarController */,
				18A32FDC1AA1EB2D00179922 /* UITabBarControllerTests */,
				18A32FC11AA1EB2C00179922 /* Products */,
			);
			sourceTree = "<group>";
		};
		18A32FC11AA1EB2C00179922 /* Products */ = {
			isa = PBXGroup;
			children = (
				18A32FC01AA1EB2C00179922 /* UITabBarController.app */,
				18A32FD91AA1EB2D00179922 /* UITabBarControllerTests.xctest */,
			);
			name = Products;
			sourceTree = "<group>";
		};
		18A32FC21AA1EB2C00179922 /* UITabBarController */ = {
			isa = PBXGroup;
			children = (
				18A32FC71AA1EB2C00179922 /* AppDelegate.h */,
				18A32FC81AA1EB2C00179922 /* AppDelegate.m */,
				18A32FEC1AA1EC8600179922 /* MyTaBarVC.h */,
				18A32FED1AA1EC8600179922 /* MyTaBarVC.m */,
				183FE0451AA8272C00105590 /* MyNavgationVC.h */,
				183FE0461AA8272C00105590 /* MyNavgationVC.m */,
				18A330221AA2BAF100179922 /* UIImage+MyImage.h */,
				18A330231AA2BAF100179922 /* UIImage+MyImage.m */,
				183FE0421AA6F25F00105590 /* Item1ViewController.h */,
				183FE0431AA6F25F00105590 /* Item1ViewController.m */,
				183FE0501AA8436700105590 /* Item2ViewController.h */,
				183FE0511AA8436700105590 /* Item2ViewController.m */,
				183FE04D1AA8375F00105590 /* ItemB1ViewController.h */,
				183FE04E1AA8375F00105590 /* ItemB1ViewController.m */,
				183FE04A1AA8371F00105590 /* ItemB2ViewController.h */,
				183FE04B1AA8371F00105590 /* ItemB2ViewController.m */,
				183FE0481AA8285A00105590 /* File */,
				18A32FEF1AA1ED7500179922 /* Tab bar */,
				18A32FCD1AA1EB2C00179922 /* Main.storyboard */,
				18A32FD01AA1EB2C00179922 /* Images.xcassets */,
				18A32FD21AA1EB2C00179922 /* LaunchScreen.xib */,
				18A32FC31AA1EB2C00179922 /* Supporting Files */,
			);
			path = UITabBarController;
			sourceTree = "<group>";
		};
		18A32FC31AA1EB2C00179922 /* Supporting Files */ = {
			isa = PBXGroup;
			children = (
				18A32FC41AA1EB2C00179922 /* Info.plist */,
				18A32FC51AA1EB2C00179922 /* main.m */,
			);
			name = "Supporting Files";
			sourceTree = "<group>";
		};
		18A32FDC1AA1EB2D00179922 /* UITabBarControllerTests */ = {
			isa = PBXGroup;
			children = (
				18A32FDF1AA1EB2D00179922 /* UITabBarControllerTests.m */,
				18A32FDD1AA1EB2D00179922 /* Supporting Files */,
			);
			path = UITabBarControllerTests;
			sourceTree = "<group>";
		};
		18A32FDD1AA1EB2D00179922 /* Supporting Files */ = {
			isa = PBXGroup;
			children = (
				18A32FDE1AA1EB2D00179922 /* Info.plist */,
			);
			name = "Supporting Files";
			sourceTree = "<group>";
		};
		18A32FEF1AA1ED7500179922 /* Tab bar */ = {
			isa = PBXGroup;
			children = (
				18A32FF01AA1ED7500179922 /* tabbar_back.imageset */,
				18A32FF31AA1ED7500179922 /* tabbar_back_s.imageset */,
				18A32FF61AA1ED7500179922 /* tabbar_n_0.imageset */,
				18A32FF91AA1ED7500179922 /* tabbar_n_1.imageset */,
				18A32FFC1AA1ED7500179922 /* tabbar_n_2.imageset */,
				18A32FFF1AA1ED7500179922 /* tabbar_n_3.imageset */,
				18A330021AA1ED7500179922 /* tabbar_s_0.imageset */,
				18A330051AA1ED7500179922 /* tabbar_s_1.imageset */,
				18A330081AA1ED7500179922 /* tabbar_s_2.imageset */,
				18A3300B1AA1ED7500179922 /* tabbar_s_3.imageset */,
			);
			path = "Tab bar";
			sourceTree = "<group>";
		};
		18A32FF01AA1ED7500179922 /* tabbar_back.imageset */ = {
			isa = PBXGroup;
			children = (
				18A32FF21AA1ED7500179922 /* tabbar_back@2x.png */,
			);
			path = tabbar_back.imageset;
			sourceTree = "<group>";
		};
		18A32FF31AA1ED7500179922 /* tabbar_back_s.imageset */ = {
			isa = PBXGroup;
			children = (
				18A32FF51AA1ED7500179922 /* tabbar_back_s@2x.png */,
			);
			path = tabbar_back_s.imageset;
			sourceTree = "<group>";
		};
		18A32FF61AA1ED7500179922 /* tabbar_n_0.imageset */ = {
			isa = PBXGroup;
			children = (
				18A32FF81AA1ED7500179922 /* tabbar_n_0@2x.png */,
			);
			path = tabbar_n_0.imageset;
			sourceTree = "<group>";
		};
		18A32FF91AA1ED7500179922 /* tabbar_n_1.imageset */ = {
			isa = PBXGroup;
			children = (
				18A32FFB1AA1ED7500179922 /* tabbar_n_1@2x.png */,
			);
			path = tabbar_n_1.imageset;
			sourceTree = "<group>";
		};
		18A32FFC1AA1ED7500179922 /* tabbar_n_2.imageset */ = {
			isa = PBXGroup;
			children = (
				18A32FFE1AA1ED7500179922 /* tabbar_n_2@2x.png */,
			);
			path = tabbar_n_2.imageset;
			sourceTree = "<group>";
		};
		18A32FFF1AA1ED7500179922 /* tabbar_n_3.imageset */ = {
			isa = PBXGroup;
			children = (
				18A330011AA1ED7500179922 /* tabbar_n_3@2x.png */,
			);
			path = tabbar_n_3.imageset;
			sourceTree = "<group>";
		};
		18A330021AA1ED7500179922 /* tabbar_s_0.imageset */ = {
			isa = PBXGroup;
			children = (
				18A330041AA1ED7500179922 /* tabbar_s_0@2x.png */,
			);
			path = tabbar_s_0.imageset;
			sourceTree = "<group>";
		};
		18A330051AA1ED7500179922 /* tabbar_s_1.imageset */ = {
			isa = PBXGroup;
			children = (
				18A330071AA1ED7500179922 /* tabbar_s_1@2x.png */,
			);
			path = tabbar_s_1.imageset;
			sourceTree = "<group>";
		};
		18A330081AA1ED7500179922 /* tabbar_s_2.imageset */ = {
			isa = PBXGroup;
			children = (
				18A3300A1AA1ED7500179922 /* tabbar_s_2@2x.png */,
			);
			path = tabbar_s_2.imageset;
			sourceTree = "<group>";
		};
		18A3300B1AA1ED7500179922 /* tabbar_s_3.imageset */ = {
			isa = PBXGroup;
			children = (
				18A3300D1AA1ED7500179922 /* tabbar_s_3@2x.png */,
			);
			path = tabbar_s_3.imageset;
			sourceTree = "<group>";
		};
/* End PBXGroup section */

/* Begin PBXNativeTarget section */
		18A32FBF1AA1EB2C00179922 /* UITabBarController */ = {
			isa = PBXNativeTarget;
			buildConfigurationList = 18A32FE31AA1EB2D00179922 /* Build configuration list for PBXNativeTarget "UITabBarController" */;
			buildPhases = (
				18A32FBC1AA1EB2C00179922 /* Sources */,
				18A32FBD1AA1EB2C00179922 /* Frameworks */,
				18A32FBE1AA1EB2C00179922 /* Resources */,
			);
			buildRules = (
			);
			dependencies = (
			);
			name = UITabBarController;
			productName = UITabBarController;
			productReference = 18A32FC01AA1EB2C00179922 /* UITabBarController.app */;
			productType = "com.apple.product-type.application";
		};
		18A32FD81AA1EB2D00179922 /* UITabBarControllerTests */ = {
			isa = PBXNativeTarget;
			buildConfigurationList = 18A32FE61AA1EB2D00179922 /* Build configuration list for PBXNativeTarget "UITabBarControllerTests" */;
			buildPhases = (
				18A32FD51AA1EB2D00179922 /* Sources */,
				18A32FD61AA1EB2D00179922 /* Frameworks */,
				18A32FD71AA1EB2D00179922 /* Resources */,
			);
			buildRules = (
			);
			dependencies = (
				18A32FDB1AA1EB2D00179922 /* PBXTargetDependency */,
			);
			name = UITabBarControllerTests;
			productName = UITabBarControllerTests;
			productReference = 18A32FD91AA1EB2D00179922 /* UITabBarControllerTests.xctest */;
			productType = "com.apple.product-type.bundle.unit-test";
		};
/* End PBXNativeTarget section */

/* Begin PBXProject section */
		18A32FB81AA1EB2C00179922 /* Project object */ = {
			isa = PBXProject;
			attributes = {
				LastUpgradeCheck = 0610;
				ORGANIZATIONNAME = leichunxiang;
				TargetAttributes = {
					18A32FBF1AA1EB2C00179922 = {
						CreatedOnToolsVersion = 6.1.1;
					};
					18A32FD81AA1EB2D00179922 = {
						CreatedOnToolsVersion = 6.1.1;
						TestTargetID = 18A32FBF1AA1EB2C00179922;
					};
				};
			};
			buildConfigurationList = 18A32FBB1AA1EB2C00179922 /* Build configuration list for PBXProject "UITabBarController" */;
			compatibilityVersion = "Xcode 3.2";
			developmentRegion = English;
			hasScannedForEncodings = 0;
			knownRegions = (
				en,
				Base,
			);
			mainGroup = 18A32FB71AA1EB2C00179922;
			productRefGroup = 18A32FC11AA1EB2C00179922 /* Products */;
			projectDirPath = "";
			projectRoot = "";
			targets = (
				18A32FBF1AA1EB2C00179922 /* UITabBarController */,
				18A32FD81AA1EB2D00179922 /* UITabBarControllerTests */,
			);
		};
/* End PBXProject section */

/* Begin PBXResourcesBuildPhase section */
		18A32FBE1AA1EB2C00179922 /* Resources */ = {
			isa = PBXResourcesBuildPhase;
			buildActionMask = 2147483647;
			files = (
				18A32FCF1AA1EB2C00179922 /* Main.storyboard in Resources */,
				18A330111AA1ED7500179922 /* tabbar_back_s@2x.png in Resources */,
				183FE0491AA8285A00105590 /* File in Resources */,
				18A330131AA1ED7500179922 /* tabbar_n_0@2x.png in Resources */,
				18A3301B1AA1ED7500179922 /* tabbar_s_0@2x.png in Resources */,
				18A330171AA1ED7500179922 /* tabbar_n_2@2x.png in Resources */,
				18A32FD41AA1EB2C00179922 /* LaunchScreen.xib in Resources */,
				18A3301F1AA1ED7500179922 /* tabbar_s_2@2x.png in Resources */,
				18A3300F1AA1ED7500179922 /* tabbar_back@2x.png in Resources */,
				18A3301D1AA1ED7500179922 /* tabbar_s_1@2x.png in Resources */,
				18A330151AA1ED7500179922 /* tabbar_n_1@2x.png in Resources */,
				18A32FD11AA1EB2C00179922 /* Images.xcassets in Resources */,
				18A330191AA1ED7500179922 /* tabbar_n_3@2x.png in Resources */,
				18A330211AA1ED7500179922 /* tabbar_s_3@2x.png in Resources */,
			);
			runOnlyForDeploymentPostprocessing = 0;
		};
		18A32FD71AA1EB2D00179922 /* Resources */ = {
			isa = PBXResourcesBuildPhase;
			buildActionMask = 2147483647;
			files = (
			);
			runOnlyForDeploymentPostprocessing = 0;
		};
/* End PBXResourcesBuildPhase section */

/* Begin PBXSourcesBuildPhase section */
		18A32FBC1AA1EB2C00179922 /* Sources */ = {
			isa = PBXSourcesBuildPhase;
			buildActionMask = 2147483647;
			files = (
				18A330241AA2BAF100179922 /* UIImage+MyImage.m in Sources */,
				18A32FC91AA1EB2C00179922 /* AppDelegate.m in Sources */,
				183FE04F1AA8375F00105590 /* ItemB1ViewController.m in Sources */,
				18A32FC61AA1EB2C00179922 /* main.m in Sources */,
				183FE0521AA8436700105590 /* Item2ViewController.m in Sources */,
				18A32FEE1AA1EC8600179922 /* MyTaBarVC.m in Sources */,
				183FE0471AA8272C00105590 /* MyNavgationVC.m in Sources */,
				183FE04C1AA8371F00105590 /* ItemB2ViewController.m in Sources */,
				183FE0441AA6F25F00105590 /* Item1ViewController.m in Sources */,
			);
			runOnlyForDeploymentPostprocessing = 0;
		};
		18A32FD51AA1EB2D00179922 /* Sources */ = {
			isa = PBXSourcesBuildPhase;
			buildActionMask = 2147483647;
			files = (
				18A32FE01AA1EB2D00179922 /* UITabBarControllerTests.m in Sources */,
			);
			runOnlyForDeploymentPostprocessing = 0;
		};
/* End PBXSourcesBuildPhase section */

/* Begin PBXTargetDependency section */
		18A32FDB1AA1EB2D00179922 /* PBXTargetDependency */ = {
			isa = PBXTargetDependency;
			target = 18A32FBF1AA1EB2C00179922 /* UITabBarController */;
			targetProxy = 18A32FDA1AA1EB2D00179922 /* PBXContainerItemProxy */;
		};
/* End PBXTargetDependency section */

/* Begin PBXVariantGroup section */
		18A32FCD1AA1EB2C00179922 /* Main.storyboard */ = {
			isa = PBXVariantGroup;
			children = (
				18A32FCE1AA1EB2C00179922 /* Base */,
			);
			name = Main.storyboard;
			sourceTree = "<group>";
		};
		18A32FD21AA1EB2C00179922 /* LaunchScreen.xib */ = {
			isa = PBXVariantGroup;
			children = (
				18A32FD31AA1EB2C00179922 /* Base */,
			);
			name = LaunchScreen.xib;
			sourceTree = "<group>";
		};
/* End PBXVariantGroup section */

/* Begin XCBuildConfiguration section */
		18A32FE11AA1EB2D00179922 /* Debug */ = {
			isa = XCBuildConfiguration;
			buildSettings = {
				ALWAYS_SEARCH_USER_PATHS = NO;
				CLANG_CXX_LANGUAGE_STANDARD = "gnu++0x";
				CLANG_CXX_LIBRARY = "libc++";
				CLANG_ENABLE_MODULES = YES;
				CLANG_ENABLE_OBJC_ARC = YES;
				CLANG_WARN_BOOL_CONVERSION = YES;
				CLANG_WARN_CONSTANT_CONVERSION = YES;
				CLANG_WARN_DIRECT_OBJC_ISA_USAGE = YES_ERROR;
				CLANG_WARN_EMPTY_BODY = YES;
				CLANG_WARN_ENUM_CONVERSION = YES;
				CLANG_WARN_INT_CONVERSION = YES;
				CLANG_WARN_OBJC_ROOT_CLASS = YES_ERROR;
				CLANG_WARN_UNREACHABLE_CODE = YES;
				CLANG_WARN__DUPLICATE_METHOD_MATCH = YES;
				"CODE_SIGN_IDENTITY[sdk=iphoneos*]" = "iPhone Developer";
				COPY_PHASE_STRIP = NO;
				ENABLE_STRICT_OBJC_MSGSEND = YES;
				GCC_C_LANGUAGE_STANDARD = gnu99;
				GCC_DYNAMIC_NO_PIC = NO;
				GCC_OPTIMIZATION_LEVEL = 0;
				GCC_PREPROCESSOR_DEFINITIONS = (
					"DEBUG=1",
					"$(inherited)",
				);
				GCC_SYMBOLS_PRIVATE_EXTERN = NO;
				GCC_WARN_64_TO_32_BIT_CONVERSION = YES;
				GCC_WARN_ABOUT_RETURN_TYPE = YES_ERROR;
				GCC_WARN_UNDECLARED_SELECTOR = YES;
				GCC_WARN_UNINITIALIZED_AUTOS = YES_AGGRESSIVE;
				GCC_WARN_UNUSED_FUNCTION = YES;
				GCC_WARN_UNUSED_VARIABLE = YES;
				IPHONEOS_DEPLOYMENT_TARGET = 7.0;
				MTL_ENABLE_DEBUG_INFO = YES;
				ONLY_ACTIVE_ARCH = YES;
				SDKROOT = iphoneos;
			};
			name = Debug;
		};
		18A32FE21AA1EB2D00179922 /* Release */ = {
			isa = XCBuildConfiguration;
			buildSettings = {
				ALWAYS_SEARCH_USER_PATHS = NO;
				CLANG_CXX_LANGUAGE_STANDARD = "gnu++0x";
				CLANG_CXX_LIBRARY = "libc++";
				CLANG_ENABLE_MODULES = YES;
				CLANG_ENABLE_OBJC_ARC = YES;
				CLANG_WARN_BOOL_CONVERSION = YES;
				CLANG_WARN_CONSTANT_CONVERSION = YES;
				CLANG_WARN_DIRECT_OBJC_ISA_USAGE = YES_ERROR;
				CLANG_WARN_EMPTY_BODY = YES;
				CLANG_WARN_ENUM_CONVERSION = YES;
				CLANG_WARN_INT_CONVERSION = YES;
				CLANG_WARN_OBJC_ROOT_CLASS = YES_ERROR;
				CLANG_WARN_UNREACHABLE_CODE = YES;
				CLANG_WARN__DUPLICATE_METHOD_MATCH = YES;
				"CODE_SIGN_IDENTITY[sdk=iphoneos*]" = "iPhone Developer";
				COPY_PHASE_STRIP = YES;
				ENABLE_NS_ASSERTIONS = NO;
				ENABLE_STRICT_OBJC_MSGSEND = YES;
				GCC_C_LANGUAGE_STANDARD = gnu99;
				GCC_WARN_64_TO_32_BIT_CONVERSION = YES;
				GCC_WARN_ABOUT_RETURN_TYPE = YES_ERROR;
				GCC_WARN_UNDECLARED_SELECTOR = YES;
				GCC_WARN_UNINITIALIZED_AUTOS = YES_AGGRESSIVE;
				GCC_WARN_UNUSED_FUNCTION = YES;
				GCC_WARN_UNUSED_VARIABLE = YES;
				IPHONEOS_DEPLOYMENT_TARGET = 7.0;
				MTL_ENABLE_DEBUG_INFO = NO;
				SDKROOT = iphoneos;
				VALIDATE_PRODUCT = YES;
			};
			name = Release;
		};
		18A32FE41AA1EB2D00179922 /* Debug */ = {
			isa = XCBuildConfiguration;
			buildSettings = {
				ASSETCATALOG_COMPILER_APPICON_NAME = AppIcon;
				CODE_SIGN_IDENTITY = "iPhone Developer: ZhengSong He (54RWYMLPEF)";
				"CODE_SIGN_IDENTITY[sdk=iphoneos*]" = "iPhone Developer: ZhengSong He (54RWYMLPEF)";
				INFOPLIST_FILE = UITabBarController/Info.plist;
				IPHONEOS_DEPLOYMENT_TARGET = 7.0;
				LD_RUNPATH_SEARCH_PATHS = "$(inherited) @executable_path/Frameworks";
				PRODUCT_NAME = "$(TARGET_NAME)";
				PROVISIONING_PROFILE = "03926ddb-3b7d-49f2-9218-1ff81116f492";
			};
			name = Debug;
		};
		18A32FE51AA1EB2D00179922 /* Release */ = {
			isa = XCBuildConfiguration;
			buildSettings = {
				ASSETCATALOG_COMPILER_APPICON_NAME = AppIcon;
				CODE_SIGN_IDENTITY = "iPhone Developer: ZhengSong He (54RWYMLPEF)";
				"CODE_SIGN_IDENTITY[sdk=iphoneos*]" = "iPhone Developer: ZhengSong He (54RWYMLPEF)";
				INFOPLIST_FILE = UITabBarController/Info.plist;
				IPHONEOS_DEPLOYMENT_TARGET = 7.0;
				LD_RUNPATH_SEARCH_PATHS = "$(inherited) @executable_path/Frameworks";
				PRODUCT_NAME = "$(TARGET_NAME)";
				PROVISIONING_PROFILE = "03926ddb-3b7d-49f2-9218-1ff81116f492";
			};
			name = Release;
		};
		18A32FE71AA1EB2D00179922 /* Debug */ = {
			isa = XCBuildConfiguration;
			buildSettings = {
				BUNDLE_LOADER = "$(TEST_HOST)";
				FRAMEWORK_SEARCH_PATHS = (
					"$(SDKROOT)/Developer/Library/Frameworks",
					"$(inherited)",
				);
				GCC_PREPROCESSOR_DEFINITIONS = (
					"DEBUG=1",
					"$(inherited)",
				);
				INFOPLIST_FILE = UITabBarControllerTests/Info.plist;
				LD_RUNPATH_SEARCH_PATHS = "$(inherited) @executable_path/Frameworks @loader_path/Frameworks";
				PRODUCT_NAME = "$(TARGET_NAME)";
				TEST_HOST = "$(BUILT_PRODUCTS_DIR)/UITabBarController.app/UITabBarController";
			};
			name = Debug;
		};
		18A32FE81AA1EB2D00179922 /* Release */ = {
			isa = XCBuildConfiguration;
			buildSettings = {
				BUNDLE_LOADER = "$(TEST_HOST)";
				FRAMEWORK_SEARCH_PATHS = (
					"$(SDKROOT)/Developer/Library/Frameworks",
					"$(inherited)",
				);
				INFOPLIST_FILE = UITabBarControllerTests/Info.plist;
				LD_RUNPATH_SEARCH_PATHS = "$(inherited) @executable_path/Frameworks @loader_path/Frameworks";
				PRODUCT_NAME = "$(TARGET_NAME)";
				TEST_HOST = "$(BUILT_PRODUCTS_DIR)/UITabBarController.app/UITabBarController";
			};
			name = Release;
		};
/* End XCBuildConfiguration section */

/* Begin XCConfigurationList section */
		18A32FBB1AA1EB2C00179922 /* Build configuration list for PBXProject "UITabBarController" */ = {
			isa = XCConfigurationList;
			buildConfigurations = (
				18A32FE11AA1EB2D00179922 /* Debug */,
				18A32FE21AA1EB2D00179922 /* Release */,
			);
			defaultConfigurationIsVisible = 0;
			defaultConfigurationName = Release;
		};
		18A32FE31AA1EB2D00179922 /* Build configuration list for PBXNativeTarget "UITabBarController" */ = {
			isa = XCConfigurationList;
			buildConfigurations = (
				18A32FE41AA1EB2D00179922 /* Debug */,
				18A32FE51AA1EB2D00179922 /* Release */,
			);
			defaultConfigurationIsVisible = 0;
			defaultConfigurationName = Release;
		};
		18A32FE61AA1EB2D00179922 /* Build configuration list for PBXNativeTarget "UITabBarControllerTests" */ = {
			isa = XCConfigurationList;
			buildConfigurations = (
				18A32FE71AA1EB2D00179922 /* Debug */,
				18A32FE81AA1EB2D00179922 /* Release */,
			);
			defaultConfigurationIsVisible = 0;
			defaultConfigurationName = Release;
		};
/* End XCConfigurationList section */
	};
	rootObject = 18A32FB81AA1EB2C00179922 /* Project object */;
}
